
Microsoft Visual Studio Solution File, Format Version 12.00
# Visual Studio Version 16
VisualStudioVersion = 16.0.29509.3
MinimumVisualStudioVersion = 10.0.40219.1
Project("{F184B08F-C81C-45F6-A57F-5ABD9991F28F}") = "windows_calculator", "windows_calculator\windows_calculator.vbproj", "{F1B8122C-EAB9-4E36-96DA-9C003F89488D}"
EndProject
Global
	GlobalSection(SolutionConfigurationPlatforms) = preSolution
		Debug|Any CPU = Debug|Any CPU
		Release|Any CPU = Release|Any CPU
	EndGlobalSection
	GlobalSection(ProjectConfigurationPlatforms) = postSolution
		{F1B8122C-EAB9-4E36-96DA-9C003F89488D}.Debug|Any CPU.ActiveCfg = Debug|Any CPU
		{F1B8122C-EAB9-4E36-96DA-9C003F89488D}.Debug|Any CPU.Build.0 = Debug|Any CPU
		{F1B8122C-EAB9-4E36-96DA-9C003F89488D}.Release|Any CPU.ActiveCfg = Release|Any CPU
		{F1B8122C-EAB9-4E36-96DA-9C003F89488D}.Release|Any CPU.Build.0 = Release|Any CPU
	EndGlobalSection
	GlobalSection(SolutionProperties) = preSolution
		HideSolutionNode = FALSE
	EndGlobalSection
	GlobalSection(ExtensibilityGlobals) = postSolution
		SolutionGuid = {2CDCFB33-32FA-4A4B-830C-DF3435F4D350}
	EndGlobalSection
EndGlobal
